// !$*UTF8*$!
{
	archiveVersion = 1;
	classes = {
	};
	objectVersion = 50;
	objects = {

/* Begin PBXBuildFile section */
		627AAADE259C25B5000127D7 /* AppDelegate.m in Sources */ = {isa = PBXBuildFile; fileRef = 627AAADD259C25B5000127D7 /* AppDelegate.m */; };
		627AAAE4259C25B5000127D7 /* ViewController.m in Sources */ = {isa = PBXBuildFile; fileRef = 627AAAE3259C25B5000127D7 /* ViewController.m */; };
		627AAAE7259C25B5000127D7 /* Main.storyboard in Resources */ = {isa = PBXBuildFile; fileRef = 627AAAE5259C25B5000127D7 /* Main.storyboard */; };
		627AAAE9259C25B7000127D7 /* Assets.xcassets in Resources */ = {isa = PBXBuildFile; fileRef = 627AAAE8259C25B7000127D7 /* Assets.xcassets */; };
		627AAAEC259C25B7000127D7 /* LaunchScreen.storyboard in Resources */ = {isa = PBXBuildFile; fileRef = 627AAAEA259C25B7000127D7 /* LaunchScreen.storyboard */; };
		627AAAEF259C25B7000127D7 /* main.m in Sources */ = {isa = PBXBuildFile; fileRef = 627AAAEE259C25B7000127D7 /* main.m */; };
		627AAAF9259C25B8000127D7 /* A_CategoryTests.m in Sources */ = {isa = PBXBuildFile; fileRef = 627AAAF8259C25B8000127D7 /* A_CategoryTests.m */; };
		627AAB04259C25B8000127D7 /* A_CategoryUITests.m in Sources */ = {isa = PBXBuildFile; fileRef = 627AAB03259C25B8000127D7 /* A_CategoryUITests.m */; };
		627AAB71259C2677000127D7 /* CTMediator+A.m in Sources */ = {isa = PBXBuildFile; fileRef = 627AAB70259C2677000127D7 /* CTMediator+A.m */; };
		8079F8267749394F30640FC7 /* Pods_A_Category.framework in Frameworks */ = {isa = PBXBuildFile; fileRef = DC018271D41B99AD77A184DF /* Pods_A_Category.framework */; };
/* End PBXBuildFile section */

/* Begin PBXContainerItemProxy section */
		627AAAF5259C25B8000127D7 /* PBXContainerItemProxy */ = {
			isa = PBXContainerItemProxy;
			containerPortal = 627AAAD1259C25B5000127D7 /* Project object */;
			proxyType = 1;
			remoteGlobalIDString = 627AAAD8259C25B5000127D7;
			remoteInfo = A_Category;
		};
		627AAB00259C25B8000127D7 /* PBXContainerItemProxy */ = {
			isa = PBXContainerItemProxy;
			containerPortal = 627AAAD1259C25B5000127D7 /* Project object */;
			proxyType = 1;
			remoteGlobalIDString = 627AAAD8259C25B5000127D7;
			remoteInfo = A_Category;
		};
/* End PBXContainerItemProxy section */

/* Begin PBXFileReference section */
		2158115B345133EC6E398729 /* Pods-A_Category.release.xcconfig */ = {isa = PBXFileReference; includeInIndex = 1; lastKnownFileType = text.xcconfig; name = "Pods-A_Category.release.xcconfig"; path = "Target Support Files/Pods-A_Category/Pods-A_Category.release.xcconfig"; sourceTree = "<group>"; };
		245AF8F751AEA55F85D3BB78 /* Pods-A_Category.debug.xcconfig */ = {isa = PBXFileReference; includeInIndex = 1; lastKnownFileType = text.xcconfig; name = "Pods-A_Category.debug.xcconfig"; path = "Target Support Files/Pods-A_Category/Pods-A_Category.debug.xcconfig"; sourceTree = "<group>"; };
		627AAAD9259C25B5000127D7 /* A_Category.app */ = {isa = PBXFileReference; explicitFileType = wrapper.application; includeInIndex = 0; path = A_Category.app; sourceTree = BUILT_PRODUCTS_DIR; };
		627AAADC259C25B5000127D7 /* AppDelegate.h */ = {isa = PBXFileReference; lastKnownFileType = sourcecode.c.h; path = AppDelegate.h; sourceTree = "<group>"; };
		627AAADD259C25B5000127D7 /* AppDelegate.m */ = {isa = PBXFileReference; lastKnownFileType = sourcecode.c.objc; path = AppDelegate.m; sourceTree = "<group>"; };
		627AAAE2259C25B5000127D7 /* ViewController.h */ = {isa = PBXFileReference; lastKnownFileType = sourcecode.c.h; path = ViewController.h; sourceTree = "<group>"; };
		627AAAE3259C25B5000127D7 /* ViewController.m */ = {isa = PBXFileReference; lastKnownFileType = sourcecode.c.objc; path = ViewController.m; sourceTree = "<group>"; };
		627AAAE6259C25B5000127D7 /* Base */ = {isa = PBXFileReference; lastKnownFileType = file.storyboard; name = Base; path = Base.lproj/Main.storyboard; sourceTree = "<group>"; };
		627AAAE8259C25B7000127D7 /* Assets.xcassets */ = {isa = PBXFileReference; lastKnownFileType = folder.assetcatalog; path = Assets.xcassets; sourceTree = "<group>"; };
		627AAAEB259C25B7000127D7 /* Base */ = {isa = PBXFileReference; lastKnownFileType = file.storyboard; name = Base; path = Base.lproj/LaunchScreen.storyboard; sourceTree = "<group>"; };
		627AAAED259C25B7000127D7 /* Info.plist */ = {isa = PBXFileReference; lastKnownFileType = text.plist.xml; path = Info.plist; sourceTree = "<group>"; };
		627AAAEE259C25B7000127D7 /* main.m */ = {isa = PBXFileReference; lastKnownFileType = sourcecode.c.objc; path = main.m; sourceTree = "<group>"; };
		627AAAF4259C25B8000127D7 /* A_CategoryTests.xctest */ = {isa = PBXFileReference; explicitFileType = wrapper.cfbundle; includeInIndex = 0; path = A_CategoryTests.xctest; sourceTree = BUILT_PRODUCTS_DIR; };
		627AAAF8259C25B8000127D7 /* A_CategoryTests.m */ = {isa = PBXFileReference; lastKnownFileType = sourcecode.c.objc; path = A_CategoryTests.m; sourceTree = "<group>"; };
		627AAAFA259C25B8000127D7 /* Info.plist */ = {isa = PBXFileReference; lastKnownFileType = text.plist.xml; path = Info.plist; sourceTree = "<group>"; };
		627AAAFF259C25B8000127D7 /* A_CategoryUITests.xctest */ = {isa = PBXFileReference; explicitFileType = wrapper.cfbundle; includeInIndex = 0; path = A_CategoryUITests.xctest; sourceTree = BUILT_PRODUCTS_DIR; };
		627AAB03259C25B8000127D7 /* A_CategoryUITests.m */ = {isa = PBXFileReference; lastKnownFileType = sourcecode.c.objc; path = A_CategoryUITests.m; sourceTree = "<group>"; };
		627AAB05259C25B8000127D7 /* Info.plist */ = {isa = PBXFileReference; lastKnownFileType = text.plist.xml; path = Info.plist; sourceTree = "<group>"; };
		627AAB6F259C2677000127D7 /* CTMediator+A.h */ = {isa = PBXFileReference; fileEncoding = 4; lastKnownFileType = sourcecode.c.h; path = "CTMediator+A.h"; sourceTree = "<group>"; };
		627AAB70259C2677000127D7 /* CTMediator+A.m */ = {isa = PBXFileReference; fileEncoding = 4; lastKnownFileType = sourcecode.c.objc; path = "CTMediator+A.m"; sourceTree = "<group>"; };
		DC018271D41B99AD77A184DF /* Pods_A_Category.framework */ = {isa = PBXFileReference; explicitFileType = wrapper.framework; includeInIndex = 0; path = Pods_A_Category.framework; sourceTree = BUILT_PRODUCTS_DIR; };
/* End PBXFileReference section */

/* Begin PBXFrameworksBuildPhase section */
		627AAAD6259C25B5000127D7 /* Frameworks */ = {
			isa = PBXFrameworksBuildPhase;
			buildActionMask = 2147483647;
			files = (
				8079F8267749394F30640FC7 /* Pods_A_Category.framework in Frameworks */,
			);
			runOnlyForDeploymentPostprocessing = 0;
		};
		627AAAF1259C25B8000127D7 /* Frameworks */ = {
			isa = PBXFrameworksBuildPhase;
			buildActionMask = 2147483647;
			files = (
			);
			runOnlyForDeploymentPostprocessing = 0;
		};
		627AAAFC259C25B8000127D7 /* Frameworks */ = {
			isa = PBXFrameworksBuildPhase;
			buildActionMask = 2147483647;
			files = (
			);
			runOnlyForDeploymentPostprocessing = 0;
		};
/* End PBXFrameworksBuildPhase section */

/* Begin PBXGroup section */
		0DCF2C99C60AE7204F542C98 /* Pods */ = {
			isa = PBXGroup;
			children = (
				245AF8F751AEA55F85D3BB78 /* Pods-A_Category.debug.xcconfig */,
				2158115B345133EC6E398729 /* Pods-A_Category.release.xcconfig */,
			);
			name = Pods;
			path = Pods;
			sourceTree = "<group>";
		};
		0FBED7C75507199ABACF2D10 /* Frameworks */ = {
			isa = PBXGroup;
			children = (
				DC018271D41B99AD77A184DF /* Pods_A_Category.framework */,
			);
			name = Frameworks;
			sourceTree = "<group>";
		};
		627AAAD0259C25B5000127D7 = {
			isa = PBXGroup;
			children = (
				627AAADB259C25B5000127D7 /* A_Category */,
				627AAAF7259C25B8000127D7 /* A_CategoryTests */,
				627AAB02259C25B8000127D7 /* A_CategoryUITests */,
				627AAADA259C25B5000127D7 /* Products */,
				0DCF2C99C60AE7204F542C98 /* Pods */,
				0FBED7C75507199ABACF2D10 /* Frameworks */,
			);
			sourceTree = "<group>";
		};
		627AAADA259C25B5000127D7 /* Products */ = {
			isa = PBXGroup;
			children = (
				627AAAD9259C25B5000127D7 /* A_Category.app */,
				627AAAF4259C25B8000127D7 /* A_CategoryTests.xctest */,
				627AAAFF259C25B8000127D7 /* A_CategoryUITests.xctest */,
			);
			name = Products;
			sourceTree = "<group>";
		};
		627AAADB259C25B5000127D7 /* A_Category */ = {
			isa = PBXGroup;
			children = (
				627AAB6E259C2677000127D7 /* A_Category */,
				627AAADC259C25B5000127D7 /* AppDelegate.h */,
				627AAADD259C25B5000127D7 /* AppDelegate.m */,
				627AAAE2259C25B5000127D7 /* ViewController.h */,
				627AAAE3259C25B5000127D7 /* ViewController.m */,
				627AAAE5259C25B5000127D7 /* Main.storyboard */,
				627AAAE8259C25B7000127D7 /* Assets.xcassets */,
				627AAAEA259C25B7000127D7 /* LaunchScreen.storyboard */,
				627AAAED259C25B7000127D7 /* Info.plist */,
				627AAAEE259C25B7000127D7 /* main.m */,
			);
			path = A_Category;
			sourceTree = "<group>";
		};
		627AAAF7259C25B8000127D7 /* A_CategoryTests */ = {
			isa = PBXGroup;
			children = (
				627AAAF8259C25B8000127D7 /* A_CategoryTests.m */,
				627AAAFA259C25B8000127D7 /* Info.plist */,
			);
			path = A_CategoryTests;
			sourceTree = "<group>";
		};
		627AAB02259C25B8000127D7 /* A_CategoryUITests */ = {
			isa = PBXGroup;
			children = (
				627AAB03259C25B8000127D7 /* A_CategoryUITests.m */,
				627AAB05259C25B8000127D7 /* Info.plist */,
			);
			path = A_CategoryUITests;
			sourceTree = "<group>";
		};
		627AAB6E259C2677000127D7 /* A_Category */ = {
			isa = PBXGroup;
			children = (
				627AAB6F259C2677000127D7 /* CTMediator+A.h */,
				627AAB70259C2677000127D7 /* CTMediator+A.m */,
			);
			path = A_Category;
			sourceTree = "<group>";
		};
/* End PBXGroup section */

/* Begin PBXNativeTarget section */
		627AAAD8259C25B5000127D7 /* A_Category */ = {
			isa = PBXNativeTarget;
			buildConfigurationList = 627AAB08259C25B8000127D7 /* Build configuration list for PBXNativeTarget "A_Category" */;
			buildPhases = (
				20D398C7BE4AE59A5A14A593 /* [CP] Check Pods Manifest.lock */,
				627AAAD5259C25B5000127D7 /* Sources */,
				627AAAD6259C25B5000127D7 /* Frameworks */,
				627AAAD7259C25B5000127D7 /* Resources */,
				B54C9259BD1FF855396893C7 /* [CP] Embed Pods Frameworks */,
			);
			buildRules = (
			);
			dependencies = (
			);
			name = A_Category;
			productName = A_Category;
			productReference = 627AAAD9259C25B5000127D7 /* A_Category.app */;
			productType = "com.apple.product-type.application";
		};
		627AAAF3259C25B8000127D7 /* A_CategoryTests */ = {
			isa = PBXNativeTarget;
			buildConfigurationList = 627AAB0B259C25B8000127D7 /* Build configuration list for PBXNativeTarget "A_CategoryTests" */;
			buildPhases = (
				627AAAF0259C25B8000127D7 /* Sources */,
				627AAAF1259C25B8000127D7 /* Frameworks */,
				627AAAF2259C25B8000127D7 /* Resources */,
			);
			buildRules = (
			);
			dependencies = (
				627AAAF6259C25B8000127D7 /* PBXTargetDependency */,
			);
			name = A_CategoryTests;
			productName = A_CategoryTests;
			productReference = 627AAAF4259C25B8000127D7 /* A_CategoryTests.xctest */;
			productType = "com.apple.product-type.bundle.unit-test";
		};
		627AAAFE259C25B8000127D7 /* A_CategoryUITests */ = {
			isa = PBXNativeTarget;
			buildConfigurationList = 627AAB0E259C25B8000127D7 /* Build configuration list for PBXNativeTarget "A_CategoryUITests" */;
			buildPhases = (
				627AAAFB259C25B8000127D7 /* Sources */,
				627AAAFC259C25B8000127D7 /* Frameworks */,
				627AAAFD259C25B8000127D7 /* Resources */,
			);
			buildRules = (
			);
			dependencies = (
				627AAB01259C25B8000127D7 /* PBXTargetDependency */,
			);
			name = A_CategoryUITests;
			productName = A_CategoryUITests;
			productReference = 627AAAFF259C25B8000127D7 /* A_CategoryUITests.xctest */;
			productType = "com.apple.product-type.bundle.ui-testing";
		};
/* End PBXNativeTarget section */

/* Begin PBXProject section */
		627AAAD1259C25B5000127D7 /* Project object */ = {
			isa = PBXProject;
			attributes = {
				LastUpgradeCheck = 1210;
				TargetAttributes = {
					627AAAD8259C25B5000127D7 = {
						CreatedOnToolsVersion = 12.1;
					};
					627AAAF3259C25B8000127D7 = {
						CreatedOnToolsVersion = 12.1;
						TestTargetID = 627AAAD8259C25B5000127D7;
					};
					627AAAFE259C25B8000127D7 = {
						CreatedOnToolsVersion = 12.1;
						TestTargetID = 627AAAD8259C25B5000127D7;
					};
				};
			};
			buildConfigurationList = 627AAAD4259C25B5000127D7 /* Build configuration list for PBXProject "A_Category" */;
			compatibilityVersion = "Xcode 9.3";
			developmentRegion = en;
			hasScannedForEncodings = 0;
			knownRegions = (
				en,
				Base,
			);
			mainGroup = 627AAAD0259C25B5000127D7;
			productRefGroup = 627AAADA259C25B5000127D7 /* Products */;
			projectDirPath = "";
			projectRoot = "";
			targets = (
				627AAAD8259C25B5000127D7 /* A_Category */,
				627AAAF3259C25B8000127D7 /* A_CategoryTests */,
				627AAAFE259C25B8000127D7 /* A_CategoryUITests */,
			);
		};
/* End PBXProject section */

/* Begin PBXResourcesBuildPhase section */
		627AAAD7259C25B5000127D7 /* Resources */ = {
			isa = PBXResourcesBuildPhase;
			buildActionMask = 2147483647;
			files = (
				627AAAEC259C25B7000127D7 /* LaunchScreen.storyboard in Resources */,
				627AAAE9259C25B7000127D7 /* Assets.xcassets in Resources */,
				627AAAE7259C25B5000127D7 /* Main.storyboard in Resources */,
			);
			runOnlyForDeploymentPostprocessing = 0;
		};
		627AAAF2259C25B8000127D7 /* Resources */ = {
			isa = PBXResourcesBuildPhase;
			buildActionMask = 2147483647;
			files = (
			);
			runOnlyForDeploymentPostprocessing = 0;
		};
		627AAAFD259C25B8000127D7 /* Resources */ = {
			isa = PBXResourcesBuildPhase;
			buildActionMask = 2147483647;
			files = (
			);
			runOnlyForDeploymentPostprocessing = 0;
		};
/* End PBXResourcesBuildPhase section */

/* Begin PBXShellScriptBuildPhase section */
		20D398C7BE4AE59A5A14A593 /* [CP] Check Pods Manifest.lock */ = {
			isa = PBXShellScriptBuildPhase;
			buildActionMask = 2147483647;
			files = (
			);
			inputFileListPaths = (
			);
			inputPaths = (
				"${PODS_PODFILE_DIR_PATH}/Podfile.lock",
				"${PODS_ROOT}/Manifest.lock",
			);
			name = "[CP] Check Pods Manifest.lock";
			outputFileListPaths = (
			);
			outputPaths = (
				"$(DERIVED_FILE_DIR)/Pods-A_Category-checkManifestLockResult.txt",
			);
			runOnlyForDeploymentPostprocessing = 0;
			shellPath = /bin/sh;
			shellScript = "diff \"${PODS_PODFILE_DIR_PATH}/Podfile.lock\" \"${PODS_ROOT}/Manifest.lock\" > /dev/null\nif [ $? != 0 ] ; then\n    # print error to STDERR\n    echo \"error: The sandbox is not in sync with the Podfile.lock. Run 'pod install' or update your CocoaPods installation.\" >&2\n    exit 1\nfi\n# This output is used by Xcode 'outputs' to avoid re-running this script phase.\necho \"SUCCESS\" > \"${SCRIPT_OUTPUT_FILE_0}\"\n";
			showEnvVarsInLog = 0;
		};
		B54C9259BD1FF855396893C7 /* [CP] Embed Pods Frameworks */ = {
			isa = PBXShellScriptBuildPhase;
			buildActionMask = 2147483647;
			files = (
			);
			inputFileListPaths = (
				"${PODS_ROOT}/Target Support Files/Pods-A_Category/Pods-A_Category-frameworks-${CONFIGURATION}-input-files.xcfilelist",
			);
			name = "[CP] Embed Pods Frameworks";
			outputFileListPaths = (
				"${PODS_ROOT}/Target Support Files/Pods-A_Category/Pods-A_Category-frameworks-${CONFIGURATION}-output-files.xcfilelist",
			);
			runOnlyForDeploymentPostprocessing = 0;
			shellPath = /bin/sh;
			shellScript = "\"${PODS_ROOT}/Target Support Files/Pods-A_Category/Pods-A_Category-frameworks.sh\"\n";
			showEnvVarsInLog = 0;
		};
/* End PBXShellScriptBuildPhase section */

/* Begin PBXSourcesBuildPhase section */
		627AAAD5259C25B5000127D7 /* Sources */ = {
			isa = PBXSourcesBuildPhase;
			buildActionMask = 2147483647;
			files = (
				627AAAE4259C25B5000127D7 /* ViewController.m in Sources */,
				627AAB71259C2677000127D7 /* CTMediator+A.m in Sources */,
				627AAADE259C25B5000127D7 /* AppDelegate.m in Sources */,
				627AAAEF259C25B7000127D7 /* main.m in Sources */,
			);
			runOnlyForDeploymentPostprocessing = 0;
		};
		627AAAF0259C25B8000127D7 /* Sources */ = {
			isa = PBXSourcesBuildPhase;
			buildActionMask = 2147483647;
			files = (
				627AAAF9259C25B8000127D7 /* A_CategoryTests.m in Sources */,
			);
			runOnlyForDeploymentPostprocessing = 0;
		};
		627AAAFB259C25B8000127D7 /* Sources */ = {
			isa = PBXSourcesBuildPhase;
			buildActionMask = 2147483647;
			files = (
				627AAB04259C25B8000127D7 /* A_CategoryUITests.m in Sources */,
			);
			runOnlyForDeploymentPostprocessing = 0;
		};
/* End PBXSourcesBuildPhase section */

/* Begin PBXTargetDependency section */
		627AAAF6259C25B8000127D7 /* PBXTargetDependency */ = {
			isa = PBXTargetDependency;
			target = 627AAAD8259C25B5000127D7 /* A_Category */;
			targetProxy = 627AAAF5259C25B8000127D7 /* PBXContainerItemProxy */;
		};
		627AAB01259C25B8000127D7 /* PBXTargetDependency */ = {
			isa = PBXTargetDependency;
			target = 627AAAD8259C25B5000127D7 /* A_Category */;
			targetProxy = 627AAB00259C25B8000127D7 /* PBXContainerItemProxy */;
		};
/* End PBXTargetDependency section */

/* Begin PBXVariantGroup section */
		627AAAE5259C25B5000127D7 /* Main.storyboard */ = {
			isa = PBXVariantGroup;
			children = (
				627AAAE6259C25B5000127D7 /* Base */,
			);
			name = Main.storyboard;
			sourceTree = "<group>";
		};
		627AAAEA259C25B7000127D7 /* LaunchScreen.storyboard */ = {
			isa = PBXVariantGroup;
			children = (
				627AAAEB259C25B7000127D7 /* Base */,
			);
			name = LaunchScreen.storyboard;
			sourceTree = "<group>";
		};
/* End PBXVariantGroup section */

/* Begin XCBuildConfiguration section */
		627AAB06259C25B8000127D7 /* Debug */ = {
			isa = XCBuildConfiguration;
			buildSettings = {
				ALWAYS_SEARCH_USER_PATHS = NO;
				CLANG_ANALYZER_NONNULL = YES;
				CLANG_ANALYZER_NUMBER_OBJECT_CONVERSION = YES_AGGRESSIVE;
				CLANG_CXX_LANGUAGE_STANDARD = "gnu++14";
				CLANG_CXX_LIBRARY = "libc++";
				CLANG_ENABLE_MODULES = YES;
				CLANG_ENABLE_OBJC_ARC = YES;
				CLANG_ENABLE_OBJC_WEAK = YES;
				CLANG_WARN_BLOCK_CAPTURE_AUTORELEASING = YES;
				CLANG_WARN_BOOL_CONVERSION = YES;
				CLANG_WARN_COMMA = YES;
				CLANG_WARN_CONSTANT_CONVERSION = YES;
				CLANG_WARN_DEPRECATED_OBJC_IMPLEMENTATIONS = YES;
				CLANG_WARN_DIRECT_OBJC_ISA_USAGE = YES_ERROR;
				CLANG_WARN_DOCUMENTATION_COMMENTS = YES;
				CLANG_WARN_EMPTY_BODY = YES;
				CLANG_WARN_ENUM_CONVERSION = YES;
				CLANG_WARN_INFINITE_RECURSION = YES;
				CLANG_WARN_INT_CONVERSION = YES;
				CLANG_WARN_NON_LITERAL_NULL_CONVERSION = YES;
				CLANG_WARN_OBJC_IMPLICIT_RETAIN_SELF = YES;
				CLANG_WARN_OBJC_LITERAL_CONVERSION = YES;
				CLANG_WARN_OBJC_ROOT_CLASS = YES_ERROR;
				CLANG_WARN_QUOTED_INCLUDE_IN_FRAMEWORK_HEADER = YES;
				CLANG_WARN_RANGE_LOOP_ANALYSIS = YES;
				CLANG_WARN_STRICT_PROTOTYPES = YES;
				CLANG_WARN_SUSPICIOUS_MOVE = YES;
				CLANG_WARN_UNGUARDED_AVAILABILITY = YES_AGGRESSIVE;
				CLANG_WARN_UNREACHABLE_CODE = YES;
				CLANG_WARN__DUPLICATE_METHOD_MATCH = YES;
				COPY_PHASE_STRIP = NO;
				DEBUG_INFORMATION_FORMAT = dwarf;
				ENABLE_STRICT_OBJC_MSGSEND = YES;
				ENABLE_TESTABILITY = YES;
				GCC_C_LANGUAGE_STANDARD = gnu11;
				GCC_DYNAMIC_NO_PIC = NO;
				GCC_NO_COMMON_BLOCKS = YES;
				GCC_OPTIMIZATION_LEVEL = 0;
				GCC_PREPROCESSOR_DEFINITIONS = (
					"DEBUG=1",
					"$(inherited)",
				);
				GCC_WARN_64_TO_32_BIT_CONVERSION = YES;
				GCC_WARN_ABOUT_RETURN_TYPE = YES_ERROR;
				GCC_WARN_UNDECLARED_SELECTOR = YES;
				GCC_WARN_UNINITIALIZED_AUTOS = YES_AGGRESSIVE;
				GCC_WARN_UNUSED_FUNCTION = YES;
				GCC_WARN_UNUSED_VARIABLE = YES;
				IPHONEOS_DEPLOYMENT_TARGET = 14.1;
				MTL_ENABLE_DEBUG_INFO = INCLUDE_SOURCE;
				MTL_FAST_MATH = YES;
				ONLY_ACTIVE_ARCH = YES;
				SDKROOT = iphoneos;
			};
			name = Debug;
		};
		627AAB07259C25B8000127D7 /* Release */ = {
			isa = XCBuildConfiguration;
			buildSettings = {
				ALWAYS_SEARCH_USER_PATHS = NO;
				CLANG_ANALYZER_NONNULL = YES;
				CLANG_ANALYZER_NUMBER_OBJECT_CONVERSION = YES_AGGRESSIVE;
				CLANG_CXX_LANGUAGE_STANDARD = "gnu++14";
				CLANG_CXX_LIBRARY = "libc++";
				CLANG_ENABLE_MODULES = YES;
				CLANG_ENABLE_OBJC_ARC = YES;
				CLANG_ENABLE_OBJC_WEAK = YES;
				CLANG_WARN_BLOCK_CAPTURE_AUTORELEASING = YES;
				CLANG_WARN_BOOL_CONVERSION = YES;
				CLANG_WARN_COMMA = YES;
				CLANG_WARN_CONSTANT_CONVERSION = YES;
				CLANG_WARN_DEPRECATED_OBJC_IMPLEMENTATIONS = YES;
				CLANG_WARN_DIRECT_OBJC_ISA_USAGE = YES_ERROR;
				CLANG_WARN_DOCUMENTATION_COMMENTS = YES;
				CLANG_WARN_EMPTY_BODY = YES;
				CLANG_WARN_ENUM_CONVERSION = YES;
				CLANG_WARN_INFINITE_RECURSION = YES;
				CLANG_WARN_INT_CONVERSION = YES;
				CLANG_WARN_NON_LITERAL_NULL_CONVERSION = YES;
				CLANG_WARN_OBJC_IMPLICIT_RETAIN_SELF = YES;
				CLANG_WARN_OBJC_LITERAL_CONVERSION = YES;
				CLANG_WARN_OBJC_ROOT_CLASS = YES_ERROR;
				CLANG_WARN_QUOTED_INCLUDE_IN_FRAMEWORK_HEADER = YES;
				CLANG_WARN_RANGE_LOOP_ANALYSIS = YES;
				CLANG_WARN_STRICT_PROTOTYPES = YES;
				CLANG_WARN_SUSPICIOUS_MOVE = YES;
				CLANG_WARN_UNGUARDED_AVAILABILITY = YES_AGGRESSIVE;
				CLANG_WARN_UNREACHABLE_CODE = YES;
				CLANG_WARN__DUPLICATE_METHOD_MATCH = YES;
				COPY_PHASE_STRIP = NO;
				DEBUG_INFORMATION_FORMAT = "dwarf-with-dsym";
				ENABLE_NS_ASSERTIONS = NO;
				ENABLE_STRICT_OBJC_MSGSEND = YES;
				GCC_C_LANGUAGE_STANDARD = gnu11;
				GCC_NO_COMMON_BLOCKS = YES;
				GCC_WARN_64_TO_32_BIT_CONVERSION = YES;
				GCC_WARN_ABOUT_RETURN_TYPE = YES_ERROR;
				GCC_WARN_UNDECLARED_SELECTOR = YES;
				GCC_WARN_UNINITIALIZED_AUTOS = YES_AGGRESSIVE;
				GCC_WARN_UNUSED_FUNCTION = YES;
				GCC_WARN_UNUSED_VARIABLE = YES;
				IPHONEOS_DEPLOYMENT_TARGET = 14.1;
				MTL_ENABLE_DEBUG_INFO = NO;
				MTL_FAST_MATH = YES;
				SDKROOT = iphoneos;
				VALIDATE_PRODUCT = YES;
			};
			name = Release;
		};
		627AAB09259C25B8000127D7 /* Debug */ = {
			isa = XCBuildConfiguration;
			baseConfigurationReference = 245AF8F751AEA55F85D3BB78 /* Pods-A_Category.debug.xcconfig */;
			buildSettings = {
				ASSETCATALOG_COMPILER_APPICON_NAME = AppIcon;
				ASSETCATALOG_COMPILER_GLOBAL_ACCENT_COLOR_NAME = AccentColor;
				CODE_SIGN_STYLE = Automatic;
				INFOPLIST_FILE = A_Category/Info.plist;
				LD_RUNPATH_SEARCH_PATHS = (
					"$(inherited)",
					"@executable_path/Frameworks",
				);
				PRODUCT_BUNDLE_IDENTIFIER = "FS.A-Category";
				PRODUCT_NAME = "$(TARGET_NAME)";
				TARGETED_DEVICE_FAMILY = "1,2";
			};
			name = Debug;
		};
		627AAB0A259C25B8000127D7 /* Release */ = {
			isa = XCBuildConfiguration;
			baseConfigurationReference = 2158115B345133EC6E398729 /* Pods-A_Category.release.xcconfig */;
			buildSettings = {
				ASSETCATALOG_COMPILER_APPICON_NAME = AppIcon;
				ASSETCATALOG_COMPILER_GLOBAL_ACCENT_COLOR_NAME = AccentColor;
				CODE_SIGN_STYLE = Automatic;
				INFOPLIST_FILE = A_Category/Info.plist;
				LD_RUNPATH_SEARCH_PATHS = (
					"$(inherited)",
					"@executable_path/Frameworks",
				);
				PRODUCT_BUNDLE_IDENTIFIER = "FS.A-Category";
				PRODUCT_NAME = "$(TARGET_NAME)";
				TARGETED_DEVICE_FAMILY = "1,2";
			};
			name = Release;
		};
		627AAB0C259C25B8000127D7 /* Debug */ = {
			isa = XCBuildConfiguration;
			buildSettings = {
				BUNDLE_LOADER = "$(TEST_HOST)";
				CODE_SIGN_STYLE = Automatic;
				INFOPLIST_FILE = A_CategoryTests/Info.plist;
				IPHONEOS_DEPLOYMENT_TARGET = 14.1;
				LD_RUNPATH_SEARCH_PATHS = (
					"$(inherited)",
					"@executable_path/Frameworks",
					"@loader_path/Frameworks",
				);
				PRODUCT_BUNDLE_IDENTIFIER = "FS.A-CategoryTests";
				PRODUCT_NAME = "$(TARGET_NAME)";
				TARGETED_DEVICE_FAMILY = "1,2";
				TEST_HOST = "$(BUILT_PRODUCTS_DIR)/A_Category.app/A_Category";
			};
			name = Debug;
		};
		627AAB0D259C25B8000127D7 /* Release */ = {
			isa = XCBuildConfiguration;
			buildSettings = {
				BUNDLE_LOADER = "$(TEST_HOST)";
				CODE_SIGN_STYLE = Automatic;
				INFOPLIST_FILE = A_CategoryTests/Info.plist;
				IPHONEOS_DEPLOYMENT_TARGET = 14.1;
				LD_RUNPATH_SEARCH_PATHS = (
					"$(inherited)",
					"@executable_path/Frameworks",
					"@loader_path/Frameworks",
				);
				PRODUCT_BUNDLE_IDENTIFIER = "FS.A-CategoryTests";
				PRODUCT_NAME = "$(TARGET_NAME)";
				TARGETED_DEVICE_FAMILY = "1,2";
				TEST_HOST = "$(BUILT_PRODUCTS_DIR)/A_Category.app/A_Category";
			};
			name = Release;
		};
		627AAB0F259C25B8000127D7 /* Debug */ = {
			isa = XCBuildConfiguration;
			buildSettings = {
				CODE_SIGN_STYLE = Automatic;
				INFOPLIST_FILE = A_CategoryUITests/Info.plist;
				LD_RUNPATH_SEARCH_PATHS = (
					"$(inherited)",
					"@executable_path/Frameworks",
					"@loader_path/Frameworks",
				);
				PRODUCT_BUNDLE_IDENTIFIER = "FS.A-CategoryUITests";
				PRODUCT_NAME = "$(TARGET_NAME)";
				TARGETED_DEVICE_FAMILY = "1,2";
				TEST_TARGET_NAME = A_Category;
			};
			name = Debug;
		};
		627AAB10259C25B8000127D7 /* Release */ = {
			isa = XCBuildConfiguration;
			buildSettings = {
				CODE_SIGN_STYLE = Automatic;
				INFOPLIST_FILE = A_CategoryUITests/Info.plist;
				LD_RUNPATH_SEARCH_PATHS = (
					"$(inherited)",
					"@executable_path/Frameworks",
					"@loader_path/Frameworks",
				);
				PRODUCT_BUNDLE_IDENTIFIER = "FS.A-CategoryUITests";
				PRODUCT_NAME = "$(TARGET_NAME)";
				TARGETED_DEVICE_FAMILY = "1,2";
				TEST_TARGET_NAME = A_Category;
			};
			name = Release;
		};
/* End XCBuildConfiguration section */

/* Begin XCConfigurationList section */
		627AAAD4259C25B5000127D7 /* Build configuration list for PBXProject "A_Category" */ = {
			isa = XCConfigurationList;
			buildConfigurations = (
				627AAB06259C25B8000127D7 /* Debug */,
				627AAB07259C25B8000127D7 /* Release */,
			);
			defaultConfigurationIsVisible = 0;
			defaultConfigurationName = Release;
		};
		627AAB08259C25B8000127D7 /* Build configuration list for PBXNativeTarget "A_Category" */ = {
			isa = XCConfigurationList;
			buildConfigurations = (
				627AAB09259C25B8000127D7 /* Debug */,
				627AAB0A259C25B8000127D7 /* Release */,
			);
			defaultConfigurationIsVisible = 0;
			defaultConfigurationName = Release;
		};
		627AAB0B259C25B8000127D7 /* Build configuration list for PBXNativeTarget "A_CategoryTests" */ = {
			isa = XCConfigurationList;
			buildConfigurations = (
				627AAB0C259C25B8000127D7 /* Debug */,
				627AAB0D259C25B8000127D7 /* Release */,
			);
			defaultConfigurationIsVisible = 0;
			defaultConfigurationName = Release;
		};
		627AAB0E259C25B8000127D7 /* Build configuration list for PBXNativeTarget "A_CategoryUITests" */ = {
			isa = XCConfigurationList;
			buildConfigurations = (
				627AAB0F259C25B8000127D7 /* Debug */,
				627AAB10259C25B8000127D7 /* Release */,
			);
			defaultConfigurationIsVisible = 0;
			defaultConfigurationName = Release;
		};
/* End XCConfigurationList section */
	};
	rootObject = 627AAAD1259C25B5000127D7 /* Project object */;
}
